
Microsoft Visual Studio Solution File, Format Version 12.00
Project("{2150E333-8FDC-42A3-9474-1A3956D46DE8}") = "Before", "Before", "{2DD12F41-3DA7-430A-A4C1-A86363EF168A}"
EndProject
Project("{FAE04EC0-301F-11D3-BF4B-00C04F79EFBC}") = "Library", "Before\Library\Library.csproj", "{152FFCC2-1B37-410A-92F9-AA0ACC5C9CD0}"
EndProject
Project("{FAE04EC0-301F-11D3-BF4B-00C04F79EFBC}") = "ConsoleUI", "Before\ConsoleUI\ConsoleUI.csproj", "{3EDBEC0B-6EC1-4DB4-9034-830A71073C2E}"
EndProject
Project("{2150E333-8FDC-42A3-9474-1A3956D46DE8}") = "After", "After", "{23B69576-FD22-4062-AC7F-759CBA5741AC}"
EndProject
Project("{FAE04EC0-301F-11D3-BF4B-00C04F79EFBC}") = "Library", "After\Library\Library.csproj", "{E75BCD51-1082-4F88-B57E-76EE52565984}"
EndProject
Project("{FAE04EC0-301F-11D3-BF4B-00C04F79EFBC}") = "ConsoleUI", "After\ConsoleUI\ConsoleUI.csproj", "{88A4BEB4-FA13-464F-9B4F-B6096F504811}"
EndProject
Global
	GlobalSection(SolutionConfigurationPlatforms) = preSolution
		Debug|Any CPU = Debug|Any CPU
		Release|Any CPU = Release|Any CPU
	EndGlobalSection
	GlobalSection(ProjectConfigurationPlatforms) = postSolution
		{152FFCC2-1B37-410A-92F9-AA0ACC5C9CD0}.Debug|Any CPU.ActiveCfg = Debug|Any CPU
		{152FFCC2-1B37-410A-92F9-AA0ACC5C9CD0}.Debug|Any CPU.Build.0 = Debug|Any CPU
		{152FFCC2-1B37-410A-92F9-AA0ACC5C9CD0}.Release|Any CPU.ActiveCfg = Release|Any CPU
		{152FFCC2-1B37-410A-92F9-AA0ACC5C9CD0}.Release|Any CPU.Build.0 = Release|Any CPU
		{3EDBEC0B-6EC1-4DB4-9034-830A71073C2E}.Debug|Any CPU.ActiveCfg = Debug|Any CPU
		{3EDBEC0B-6EC1-4DB4-9034-830A71073C2E}.Debug|Any CPU.Build.0 = Debug|Any CPU
		{3EDBEC0B-6EC1-4DB4-9034-830A71073C2E}.Release|Any CPU.ActiveCfg = Release|Any CPU
		{3EDBEC0B-6EC1-4DB4-9034-830A71073C2E}.Release|Any CPU.Build.0 = Release|Any CPU
		{E75BCD51-1082-4F88-B57E-76EE52565984}.Debug|Any CPU.ActiveCfg = Debug|Any CPU
		{E75BCD51-1082-4F88-B57E-76EE52565984}.Debug|Any CPU.Build.0 = Debug|Any CPU
		{E75BCD51-1082-4F88-B57E-76EE52565984}.Release|Any CPU.ActiveCfg = Release|Any CPU
		{E75BCD51-1082-4F88-B57E-76EE52565984}.Release|Any CPU.Build.0 = Release|Any CPU
		{88A4BEB4-FA13-464F-9B4F-B6096F504811}.Debug|Any CPU.ActiveCfg = Debug|Any CPU
		{88A4BEB4-FA13-464F-9B4F-B6096F504811}.Debug|Any CPU.Build.0 = Debug|Any CPU
		{88A4BEB4-FA13-464F-9B4F-B6096F504811}.Release|Any CPU.ActiveCfg = Release|Any CPU
		{88A4BEB4-FA13-464F-9B4F-B6096F504811}.Release|Any CPU.Build.0 = Release|Any CPU
	EndGlobalSection
	GlobalSection(NestedProjects) = preSolution
		{152FFCC2-1B37-410A-92F9-AA0ACC5C9CD0} = {2DD12F41-3DA7-430A-A4C1-A86363EF168A}
		{3EDBEC0B-6EC1-4DB4-9034-830A71073C2E} = {2DD12F41-3DA7-430A-A4C1-A86363EF168A}
		{E75BCD51-1082-4F88-B57E-76EE52565984} = {23B69576-FD22-4062-AC7F-759CBA5741AC}
		{88A4BEB4-FA13-464F-9B4F-B6096F504811} = {23B69576-FD22-4062-AC7F-759CBA5741AC}
	EndGlobalSection
EndGlobal
